
Microsoft Visual Studio Solution File, Format Version 12.00
# Visual Studio 15
VisualStudioVersion = 15.0.28307.271
MinimumVisualStudioVersion = 10.0.40219.1
Project("{FAE04EC0-301F-11D3-BF4B-00C04F79EFBC}") = "HelloWorldService", "HelloWorld\HelloWorldService.csproj", "{268AD735-C3B6-45C7-A014-7EB02F33595E}"
EndProject
Project("{FAE04EC0-301F-11D3-BF4B-00C04F79EFBC}") = "HostService", "HostService\HostService.csproj", "{2961CB19-C00F-4A49-9A3F-9449B6D26C53}"
EndProject
Project("{FAE04EC0-301F-11D3-BF4B-00C04F79EFBC}") = "ClientConsole", "ClientConsole\ClientConsole.csproj", "{D631E5AF-E3B8-4947-A180-1CD4F0A47037}"
EndProject
Global
	GlobalSection(SolutionConfigurationPlatforms) = preSolution
		Debug|Any CPU = Debug|Any CPU
		Release|Any CPU = Release|Any CPU
	EndGlobalSection
	GlobalSection(ProjectConfigurationPlatforms) = postSolution
		{268AD735-C3B6-45C7-A014-7EB02F33595E}.Debug|Any CPU.ActiveCfg = Debug|Any CPU
		{268AD735-C3B6-45C7-A014-7EB02F33595E}.Debug|Any CPU.Build.0 = Debug|Any CPU
		{268AD735-C3B6-45C7-A014-7EB02F33595E}.Release|Any CPU.ActiveCfg = Release|Any CPU
		{268AD735-C3B6-45C7-A014-7EB02F33595E}.Release|Any CPU.Build.0 = Release|Any CPU
		{2961CB19-C00F-4A49-9A3F-9449B6D26C53}.Debug|Any CPU.ActiveCfg = Debug|Any CPU
		{2961CB19-C00F-4A49-9A3F-9449B6D26C53}.Debug|Any CPU.Build.0 = Debug|Any CPU
		{2961CB19-C00F-4A49-9A3F-9449B6D26C53}.Release|Any CPU.ActiveCfg = Release|Any CPU
		{2961CB19-C00F-4A49-9A3F-9449B6D26C53}.Release|Any CPU.Build.0 = Release|Any CPU
		{D631E5AF-E3B8-4947-A180-1CD4F0A47037}.Debug|Any CPU.ActiveCfg = Debug|Any CPU
		{D631E5AF-E3B8-4947-A180-1CD4F0A47037}.Debug|Any CPU.Build.0 = Debug|Any CPU
		{D631E5AF-E3B8-4947-A180-1CD4F0A47037}.Release|Any CPU.ActiveCfg = Release|Any CPU
		{D631E5AF-E3B8-4947-A180-1CD4F0A47037}.Release|Any CPU.Build.0 = Release|Any CPU
	EndGlobalSection
	GlobalSection(SolutionProperties) = preSolution
		HideSolutionNode = FALSE
	EndGlobalSection
	GlobalSection(ExtensibilityGlobals) = postSolution
		SolutionGuid = {7DE929DA-4E6D-44B8-9D4F-A1EE71198C4F}
	EndGlobalSection
EndGlobal
